
Microsoft Visual Studio Solution File, Format Version 12.00
# Visual Studio 2012
Project("{FAE04EC0-301F-11D3-BF4B-00C04F79EFBC}") = "Web", "Web\Web.csproj", "{838C74D6-4372-443E-85CE-A809A22627A7}"
EndProject
Project("{FAE04EC0-301F-11D3-BF4B-00C04F79EFBC}") = "Persistence", "Persistence\Persistence.csproj", "{321E2370-6559-4783-93CD-4B7679479B03}"
EndProject
Project("{FAE04EC0-301F-11D3-BF4B-00C04F79EFBC}") = "Entities", "Entities\Entities.csproj", "{B9E16B44-850F-49B8-947E-DFD1A6C5ED68}"
EndProject
Project("{2150E333-8FDC-42A3-9474-1A3956D46DE8}") = "Tests", "Tests", "{85B1AF4B-E412-4F92-8AD1-DB15A70345D4}"
EndProject
Project("{FAE04EC0-301F-11D3-BF4B-00C04F79EFBC}") = "Domain", "Domain\Domain.csproj", "{FE7AD310-14C1-4A9E-A362-2982899D5593}"
EndProject
Project("{2150E333-8FDC-42A3-9474-1A3956D46DE8}") = "Unit", "Unit", "{DA455C92-3B33-4DA4-9EB9-3B787C40AFD1}"
EndProject
Project("{FAE04EC0-301F-11D3-BF4B-00C04F79EFBC}") = "Domain.UnitTests", "Tests\UnitTests\Domain.UnitTests\Domain.UnitTests.csproj", "{CE9AB773-23FB-41AF-BCA8-FC0A8F344B9D}"
EndProject
Project("{2150E333-8FDC-42A3-9474-1A3956D46DE8}") = "Acceptance", "Acceptance", "{6760B25F-E4E8-45C1-B7E7-3650322DCC26}"
EndProject
Project("{FAE04EC0-301F-11D3-BF4B-00C04F79EFBC}") = "Web.AcceptanceTests", "Tests\AcceptanceTests\Web.AcceptanceTests\Web.AcceptanceTests.csproj", "{266F5BD4-2D37-4A1C-8C46-07886505EA29}"
EndProject
Project("{FAE04EC0-301F-11D3-BF4B-00C04F79EFBC}") = "Web.UnitTests", "Tests\UnitTests\Web.UnitTests\Web.UnitTests.csproj", "{1341FA47-EC97-4850-935F-7D1D07A25F8F}"
EndProject
Global
	GlobalSection(SolutionConfigurationPlatforms) = preSolution
		Debug|Any CPU = Debug|Any CPU
		Release|Any CPU = Release|Any CPU
	EndGlobalSection
	GlobalSection(ProjectConfigurationPlatforms) = postSolution
		{838C74D6-4372-443E-85CE-A809A22627A7}.Debug|Any CPU.ActiveCfg = Debug|Any CPU
		{838C74D6-4372-443E-85CE-A809A22627A7}.Debug|Any CPU.Build.0 = Debug|Any CPU
		{838C74D6-4372-443E-85CE-A809A22627A7}.Release|Any CPU.ActiveCfg = Release|Any CPU
		{838C74D6-4372-443E-85CE-A809A22627A7}.Release|Any CPU.Build.0 = Release|Any CPU
		{321E2370-6559-4783-93CD-4B7679479B03}.Debug|Any CPU.ActiveCfg = Debug|Any CPU
		{321E2370-6559-4783-93CD-4B7679479B03}.Debug|Any CPU.Build.0 = Debug|Any CPU
		{321E2370-6559-4783-93CD-4B7679479B03}.Release|Any CPU.ActiveCfg = Release|Any CPU
		{321E2370-6559-4783-93CD-4B7679479B03}.Release|Any CPU.Build.0 = Release|Any CPU
		{B9E16B44-850F-49B8-947E-DFD1A6C5ED68}.Debug|Any CPU.ActiveCfg = Debug|Any CPU
		{B9E16B44-850F-49B8-947E-DFD1A6C5ED68}.Debug|Any CPU.Build.0 = Debug|Any CPU
		{B9E16B44-850F-49B8-947E-DFD1A6C5ED68}.Release|Any CPU.ActiveCfg = Release|Any CPU
		{B9E16B44-850F-49B8-947E-DFD1A6C5ED68}.Release|Any CPU.Build.0 = Release|Any CPU
		{FE7AD310-14C1-4A9E-A362-2982899D5593}.Debug|Any CPU.ActiveCfg = Debug|Any CPU
		{FE7AD310-14C1-4A9E-A362-2982899D5593}.Debug|Any CPU.Build.0 = Debug|Any CPU
		{FE7AD310-14C1-4A9E-A362-2982899D5593}.Release|Any CPU.ActiveCfg = Release|Any CPU
		{FE7AD310-14C1-4A9E-A362-2982899D5593}.Release|Any CPU.Build.0 = Release|Any CPU
		{CE9AB773-23FB-41AF-BCA8-FC0A8F344B9D}.Debug|Any CPU.ActiveCfg = Debug|Any CPU
		{CE9AB773-23FB-41AF-BCA8-FC0A8F344B9D}.Debug|Any CPU.Build.0 = Debug|Any CPU
		{CE9AB773-23FB-41AF-BCA8-FC0A8F344B9D}.Release|Any CPU.ActiveCfg = Release|Any CPU
		{CE9AB773-23FB-41AF-BCA8-FC0A8F344B9D}.Release|Any CPU.Build.0 = Release|Any CPU
		{266F5BD4-2D37-4A1C-8C46-07886505EA29}.Debug|Any CPU.ActiveCfg = Debug|Any CPU
		{266F5BD4-2D37-4A1C-8C46-07886505EA29}.Debug|Any CPU.Build.0 = Debug|Any CPU
		{266F5BD4-2D37-4A1C-8C46-07886505EA29}.Release|Any CPU.ActiveCfg = Release|Any CPU
		{266F5BD4-2D37-4A1C-8C46-07886505EA29}.Release|Any CPU.Build.0 = Release|Any CPU
		{1341FA47-EC97-4850-935F-7D1D07A25F8F}.Debug|Any CPU.ActiveCfg = Debug|Any CPU
		{1341FA47-EC97-4850-935F-7D1D07A25F8F}.Debug|Any CPU.Build.0 = Debug|Any CPU
		{1341FA47-EC97-4850-935F-7D1D07A25F8F}.Release|Any CPU.ActiveCfg = Release|Any CPU
		{1341FA47-EC97-4850-935F-7D1D07A25F8F}.Release|Any CPU.Build.0 = Release|Any CPU
	EndGlobalSection
	GlobalSection(SolutionProperties) = preSolution
		HideSolutionNode = FALSE
	EndGlobalSection
	GlobalSection(NestedProjects) = preSolution
		{DA455C92-3B33-4DA4-9EB9-3B787C40AFD1} = {85B1AF4B-E412-4F92-8AD1-DB15A70345D4}
		{6760B25F-E4E8-45C1-B7E7-3650322DCC26} = {85B1AF4B-E412-4F92-8AD1-DB15A70345D4}
		{CE9AB773-23FB-41AF-BCA8-FC0A8F344B9D} = {DA455C92-3B33-4DA4-9EB9-3B787C40AFD1}
		{1341FA47-EC97-4850-935F-7D1D07A25F8F} = {DA455C92-3B33-4DA4-9EB9-3B787C40AFD1}
		{266F5BD4-2D37-4A1C-8C46-07886505EA29} = {6760B25F-E4E8-45C1-B7E7-3650322DCC26}
	EndGlobalSection
EndGlobal
