
Microsoft Visual Studio Solution File, Format Version 12.00
# Visual Studio 2012
Project("{FAE04EC0-301F-11D3-BF4B-00C04F79EFBC}") = "Web", "Web\Web.csproj", "{838C74D6-4372-443E-85CE-A809A22627A7}"
EndProject
Project("{FAE04EC0-301F-11D3-BF4B-00C04F79EFBC}") = "Persistence", "Persistence\Persistence.csproj", "{321E2370-6559-4783-93CD-4B7679479B03}"
EndProject
Project("{FAE04EC0-301F-11D3-BF4B-00C04F79EFBC}") = "Entities", "Entities\Entities.csproj", "{B9E16B44-850F-49B8-947E-DFD1A6C5ED68}"
EndProject
Project("{2150E333-8FDC-42A3-9474-1A3956D46DE8}") = "Tests", "Tests", "{85B1AF4B-E412-4F92-8AD1-DB15A70345D4}"
EndProject
Project("{FAE04EC0-301F-11D3-BF4B-00C04F79EFBC}") = "Domain", "Domain\Domain.csproj", "{FE7AD310-14C1-4A9E-A362-2982899D5593}"
EndProject
Project("{FAE04EC0-301F-11D3-BF4B-00C04F79EFBC}") = "Web.AcceptanceTests", "Tests\AcceptanceTests\Web.AcceptanceTests.csproj", "{266F5BD4-2D37-4A1C-8C46-07886505EA29}"
EndProject
Global
	GlobalSection(SolutionConfigurationPlatforms) = preSolution
		Debug|Any CPU = Debug|Any CPU
		Release|Any CPU = Release|Any CPU
	EndGlobalSection
	GlobalSection(ProjectConfigurationPlatforms) = postSolution
		{838C74D6-4372-443E-85CE-A809A22627A7}.Debug|Any CPU.ActiveCfg = Debug|Any CPU
		{838C74D6-4372-443E-85CE-A809A22627A7}.Debug|Any CPU.Build.0 = Debug|Any CPU
		{838C74D6-4372-443E-85CE-A809A22627A7}.Release|Any CPU.ActiveCfg = Release|Any CPU
		{838C74D6-4372-443E-85CE-A809A22627A7}.Release|Any CPU.Build.0 = Release|Any CPU
		{321E2370-6559-4783-93CD-4B7679479B03}.Debug|Any CPU.ActiveCfg = Debug|Any CPU
		{321E2370-6559-4783-93CD-4B7679479B03}.Debug|Any CPU.Build.0 = Debug|Any CPU
		{321E2370-6559-4783-93CD-4B7679479B03}.Release|Any CPU.ActiveCfg = Release|Any CPU
		{321E2370-6559-4783-93CD-4B7679479B03}.Release|Any CPU.Build.0 = Release|Any CPU
		{B9E16B44-850F-49B8-947E-DFD1A6C5ED68}.Debug|Any CPU.ActiveCfg = Debug|Any CPU
		{B9E16B44-850F-49B8-947E-DFD1A6C5ED68}.Debug|Any CPU.Build.0 = Debug|Any CPU
		{B9E16B44-850F-49B8-947E-DFD1A6C5ED68}.Release|Any CPU.ActiveCfg = Release|Any CPU
		{B9E16B44-850F-49B8-947E-DFD1A6C5ED68}.Release|Any CPU.Build.0 = Release|Any CPU
		{FE7AD310-14C1-4A9E-A362-2982899D5593}.Debug|Any CPU.ActiveCfg = Debug|Any CPU
		{FE7AD310-14C1-4A9E-A362-2982899D5593}.Debug|Any CPU.Build.0 = Debug|Any CPU
		{FE7AD310-14C1-4A9E-A362-2982899D5593}.Release|Any CPU.ActiveCfg = Release|Any CPU
		{FE7AD310-14C1-4A9E-A362-2982899D5593}.Release|Any CPU.Build.0 = Release|Any CPU
		{266F5BD4-2D37-4A1C-8C46-07886505EA29}.Debug|Any CPU.ActiveCfg = Debug|Any CPU
		{266F5BD4-2D37-4A1C-8C46-07886505EA29}.Debug|Any CPU.Build.0 = Debug|Any CPU
		{266F5BD4-2D37-4A1C-8C46-07886505EA29}.Release|Any CPU.ActiveCfg = Release|Any CPU
		{266F5BD4-2D37-4A1C-8C46-07886505EA29}.Release|Any CPU.Build.0 = Release|Any CPU
	EndGlobalSection
	GlobalSection(SolutionProperties) = preSolution
		HideSolutionNode = FALSE
	EndGlobalSection
	GlobalSection(NestedProjects) = preSolution
		{266F5BD4-2D37-4A1C-8C46-07886505EA29} = {85B1AF4B-E412-4F92-8AD1-DB15A70345D4}
	EndGlobalSection
EndGlobal
